// !$*UTF8*$!
{
	archiveVersion = 1;
	classes = {
	};
	objectVersion = 48;
	objects = {

/* Begin PBXBuildFile section */
		4A57BCBF206DE23900D336F4 /* AppDelegate.swift in Sources */ = {isa = PBXBuildFile; fileRef = 4A57BCBE206DE23900D336F4 /* AppDelegate.swift */; };
		4A57BCC1206DE23900D336F4 /* ViewController.swift in Sources */ = {isa = PBXBuildFile; fileRef = 4A57BCC0206DE23900D336F4 /* ViewController.swift */; };
		4A57BCC4206DE23900D336F4 /* Main.storyboard in Resources */ = {isa = PBXBuildFile; fileRef = 4A57BCC2206DE23900D336F4 /* Main.storyboard */; };
		4A57BCC6206DE23900D336F4 /* Assets.xcassets in Resources */ = {isa = PBXBuildFile; fileRef = 4A57BCC5206DE23900D336F4 /* Assets.xcassets */; };
		4A57BCC9206DE23900D336F4 /* LaunchScreen.storyboard in Resources */ = {isa = PBXBuildFile; fileRef = 4A57BCC7206DE23900D336F4 /* LaunchScreen.storyboard */; };
		4A57BCD4206DE23900D336F4 /* RunTimeSwiftTests.swift in Sources */ = {isa = PBXBuildFile; fileRef = 4A57BCD3206DE23900D336F4 /* RunTimeSwiftTests.swift */; };
		4A57BCDF206DE23900D336F4 /* RunTimeSwiftUITests.swift in Sources */ = {isa = PBXBuildFile; fileRef = 4A57BCDE206DE23900D336F4 /* RunTimeSwiftUITests.swift */; };
		4A57BCED206DE54000D336F4 /* RuntimeViewController.swift in Sources */ = {isa = PBXBuildFile; fileRef = 4A57BCEC206DE54000D336F4 /* RuntimeViewController.swift */; };
		4AFA1A3B206E0A2A00B4F497 /* RuntimeEx.m in Sources */ = {isa = PBXBuildFile; fileRef = 4AFA1A3A206E0A2A00B4F497 /* RuntimeEx.m */; };
/* End PBXBuildFile section */

/* Begin PBXContainerItemProxy section */
		4A57BCD0206DE23900D336F4 /* PBXContainerItemProxy */ = {
			isa = PBXContainerItemProxy;
			containerPortal = 4A57BCB3206DE23900D336F4 /* Project object */;
			proxyType = 1;
			remoteGlobalIDString = 4A57BCBA206DE23900D336F4;
			remoteInfo = RunTimeSwift;
		};
		4A57BCDB206DE23900D336F4 /* PBXContainerItemProxy */ = {
			isa = PBXContainerItemProxy;
			containerPortal = 4A57BCB3206DE23900D336F4 /* Project object */;
			proxyType = 1;
			remoteGlobalIDString = 4A57BCBA206DE23900D336F4;
			remoteInfo = RunTimeSwift;
		};
/* End PBXContainerItemProxy section */

/* Begin PBXFileReference section */
		4A57BCBB206DE23900D336F4 /* RunTimeSwift.app */ = {isa = PBXFileReference; explicitFileType = wrapper.application; includeInIndex = 0; path = RunTimeSwift.app; sourceTree = BUILT_PRODUCTS_DIR; };
		4A57BCBE206DE23900D336F4 /* AppDelegate.swift */ = {isa = PBXFileReference; lastKnownFileType = sourcecode.swift; path = AppDelegate.swift; sourceTree = "<group>"; };
		4A57BCC0206DE23900D336F4 /* ViewController.swift */ = {isa = PBXFileReference; lastKnownFileType = sourcecode.swift; path = ViewController.swift; sourceTree = "<group>"; };
		4A57BCC3206DE23900D336F4 /* Base */ = {isa = PBXFileReference; lastKnownFileType = file.storyboard; name = Base; path = Base.lproj/Main.storyboard; sourceTree = "<group>"; };
		4A57BCC5206DE23900D336F4 /* Assets.xcassets */ = {isa = PBXFileReference; lastKnownFileType = folder.assetcatalog; path = Assets.xcassets; sourceTree = "<group>"; };
		4A57BCC8206DE23900D336F4 /* Base */ = {isa = PBXFileReference; lastKnownFileType = file.storyboard; name = Base; path = Base.lproj/LaunchScreen.storyboard; sourceTree = "<group>"; };
		4A57BCCA206DE23900D336F4 /* Info.plist */ = {isa = PBXFileReference; lastKnownFileType = text.plist.xml; path = Info.plist; sourceTree = "<group>"; };
		4A57BCCF206DE23900D336F4 /* RunTimeSwiftTests.xctest */ = {isa = PBXFileReference; explicitFileType = wrapper.cfbundle; includeInIndex = 0; path = RunTimeSwiftTests.xctest; sourceTree = BUILT_PRODUCTS_DIR; };
		4A57BCD3206DE23900D336F4 /* RunTimeSwiftTests.swift */ = {isa = PBXFileReference; lastKnownFileType = sourcecode.swift; path = RunTimeSwiftTests.swift; sourceTree = "<group>"; };
		4A57BCD5206DE23900D336F4 /* Info.plist */ = {isa = PBXFileReference; lastKnownFileType = text.plist.xml; path = Info.plist; sourceTree = "<group>"; };
		4A57BCDA206DE23900D336F4 /* RunTimeSwiftUITests.xctest */ = {isa = PBXFileReference; explicitFileType = wrapper.cfbundle; includeInIndex = 0; path = RunTimeSwiftUITests.xctest; sourceTree = BUILT_PRODUCTS_DIR; };
		4A57BCDE206DE23900D336F4 /* RunTimeSwiftUITests.swift */ = {isa = PBXFileReference; lastKnownFileType = sourcecode.swift; path = RunTimeSwiftUITests.swift; sourceTree = "<group>"; };
		4A57BCE0206DE23900D336F4 /* Info.plist */ = {isa = PBXFileReference; lastKnownFileType = text.plist.xml; path = Info.plist; sourceTree = "<group>"; };
		4A57BCEC206DE54000D336F4 /* RuntimeViewController.swift */ = {isa = PBXFileReference; lastKnownFileType = sourcecode.swift; path = RuntimeViewController.swift; sourceTree = "<group>"; };
		4A57BCEE206E031E00D336F4 /* RunTimeSwift-Bridging-Header.h */ = {isa = PBXFileReference; lastKnownFileType = sourcecode.c.h; path = "RunTimeSwift-Bridging-Header.h"; sourceTree = "<group>"; };
		4AFA1A39206E0A2A00B4F497 /* RuntimeEx.h */ = {isa = PBXFileReference; lastKnownFileType = sourcecode.c.h; path = RuntimeEx.h; sourceTree = "<group>"; };
		4AFA1A3A206E0A2A00B4F497 /* RuntimeEx.m */ = {isa = PBXFileReference; lastKnownFileType = sourcecode.c.objc; path = RuntimeEx.m; sourceTree = "<group>"; };
/* End PBXFileReference section */

/* Begin PBXFrameworksBuildPhase section */
		4A57BCB8206DE23900D336F4 /* Frameworks */ = {
			isa = PBXFrameworksBuildPhase;
			buildActionMask = 2147483647;
			files = (
			);
			runOnlyForDeploymentPostprocessing = 0;
		};
		4A57BCCC206DE23900D336F4 /* Frameworks */ = {
			isa = PBXFrameworksBuildPhase;
			buildActionMask = 2147483647;
			files = (
			);
			runOnlyForDeploymentPostprocessing = 0;
		};
		4A57BCD7206DE23900D336F4 /* Frameworks */ = {
			isa = PBXFrameworksBuildPhase;
			buildActionMask = 2147483647;
			files = (
			);
			runOnlyForDeploymentPostprocessing = 0;
		};
/* End PBXFrameworksBuildPhase section */

/* Begin PBXGroup section */
		4A57BCB2206DE23900D336F4 = {
			isa = PBXGroup;
			children = (
				4A57BCBD206DE23900D336F4 /* RunTimeSwift */,
				4A57BCD2206DE23900D336F4 /* RunTimeSwiftTests */,
				4A57BCDD206DE23900D336F4 /* RunTimeSwiftUITests */,
				4A57BCBC206DE23900D336F4 /* Products */,
			);
			sourceTree = "<group>";
		};
		4A57BCBC206DE23900D336F4 /* Products */ = {
			isa = PBXGroup;
			children = (
				4A57BCBB206DE23900D336F4 /* RunTimeSwift.app */,
				4A57BCCF206DE23900D336F4 /* RunTimeSwiftTests.xctest */,
				4A57BCDA206DE23900D336F4 /* RunTimeSwiftUITests.xctest */,
			);
			name = Products;
			sourceTree = "<group>";
		};
		4A57BCBD206DE23900D336F4 /* RunTimeSwift */ = {
			isa = PBXGroup;
			children = (
				4A57BCBE206DE23900D336F4 /* AppDelegate.swift */,
				4A57BCC0206DE23900D336F4 /* ViewController.swift */,
				4A57BCEC206DE54000D336F4 /* RuntimeViewController.swift */,
				4AFA1A39206E0A2A00B4F497 /* RuntimeEx.h */,
				4AFA1A3A206E0A2A00B4F497 /* RuntimeEx.m */,
				4A57BCC2206DE23900D336F4 /* Main.storyboard */,
				4A57BCC5206DE23900D336F4 /* Assets.xcassets */,
				4A57BCC7206DE23900D336F4 /* LaunchScreen.storyboard */,
				4A57BCCA206DE23900D336F4 /* Info.plist */,
				4A57BCEE206E031E00D336F4 /* RunTimeSwift-Bridging-Header.h */,
			);
			path = RunTimeSwift;
			sourceTree = "<group>";
		};
		4A57BCD2206DE23900D336F4 /* RunTimeSwiftTests */ = {
			isa = PBXGroup;
			children = (
				4A57BCD3206DE23900D336F4 /* RunTimeSwiftTests.swift */,
				4A57BCD5206DE23900D336F4 /* Info.plist */,
			);
			path = RunTimeSwiftTests;
			sourceTree = "<group>";
		};
		4A57BCDD206DE23900D336F4 /* RunTimeSwiftUITests */ = {
			isa = PBXGroup;
			children = (
				4A57BCDE206DE23900D336F4 /* RunTimeSwiftUITests.swift */,
				4A57BCE0206DE23900D336F4 /* Info.plist */,
			);
			path = RunTimeSwiftUITests;
			sourceTree = "<group>";
		};
/* End PBXGroup section */

/* Begin PBXNativeTarget section */
		4A57BCBA206DE23900D336F4 /* RunTimeSwift */ = {
			isa = PBXNativeTarget;
			buildConfigurationList = 4A57BCE3206DE23900D336F4 /* Build configuration list for PBXNativeTarget "RunTimeSwift" */;
			buildPhases = (
				4A57BCB7206DE23900D336F4 /* Sources */,
				4A57BCB8206DE23900D336F4 /* Frameworks */,
				4A57BCB9206DE23900D336F4 /* Resources */,
			);
			buildRules = (
			);
			dependencies = (
			);
			name = RunTimeSwift;
			productName = RunTimeSwift;
			productReference = 4A57BCBB206DE23900D336F4 /* RunTimeSwift.app */;
			productType = "com.apple.product-type.application";
		};
		4A57BCCE206DE23900D336F4 /* RunTimeSwiftTests */ = {
			isa = PBXNativeTarget;
			buildConfigurationList = 4A57BCE6206DE23900D336F4 /* Build configuration list for PBXNativeTarget "RunTimeSwiftTests" */;
			buildPhases = (
				4A57BCCB206DE23900D336F4 /* Sources */,
				4A57BCCC206DE23900D336F4 /* Frameworks */,
				4A57BCCD206DE23900D336F4 /* Resources */,
			);
			buildRules = (
			);
			dependencies = (
				4A57BCD1206DE23900D336F4 /* PBXTargetDependency */,
			);
			name = RunTimeSwiftTests;
			productName = RunTimeSwiftTests;
			productReference = 4A57BCCF206DE23900D336F4 /* RunTimeSwiftTests.xctest */;
			productType = "com.apple.product-type.bundle.unit-test";
		};
		4A57BCD9206DE23900D336F4 /* RunTimeSwiftUITests */ = {
			isa = PBXNativeTarget;
			buildConfigurationList = 4A57BCE9206DE23900D336F4 /* Build configuration list for PBXNativeTarget "RunTimeSwiftUITests" */;
			buildPhases = (
				4A57BCD6206DE23900D336F4 /* Sources */,
				4A57BCD7206DE23900D336F4 /* Frameworks */,
				4A57BCD8206DE23900D336F4 /* Resources */,
			);
			buildRules = (
			);
			dependencies = (
				4A57BCDC206DE23900D336F4 /* PBXTargetDependency */,
			);
			name = RunTimeSwiftUITests;
			productName = RunTimeSwiftUITests;
			productReference = 4A57BCDA206DE23900D336F4 /* RunTimeSwiftUITests.xctest */;
			productType = "com.apple.product-type.bundle.ui-testing";
		};
/* End PBXNativeTarget section */

/* Begin PBXProject section */
		4A57BCB3206DE23900D336F4 /* Project object */ = {
			isa = PBXProject;
			attributes = {
				LastSwiftUpdateCheck = 0920;
				LastUpgradeCheck = 0920;
				ORGANIZATIONNAME = qwer;
				TargetAttributes = {
					4A57BCBA206DE23900D336F4 = {
						CreatedOnToolsVersion = 9.2;
						LastSwiftMigration = 0920;
						ProvisioningStyle = Automatic;
					};
					4A57BCCE206DE23900D336F4 = {
						CreatedOnToolsVersion = 9.2;
						ProvisioningStyle = Automatic;
						TestTargetID = 4A57BCBA206DE23900D336F4;
					};
					4A57BCD9206DE23900D336F4 = {
						CreatedOnToolsVersion = 9.2;
						ProvisioningStyle = Automatic;
						TestTargetID = 4A57BCBA206DE23900D336F4;
					};
				};
			};
			buildConfigurationList = 4A57BCB6206DE23900D336F4 /* Build configuration list for PBXProject "RunTimeSwift" */;
			compatibilityVersion = "Xcode 8.0";
			developmentRegion = en;
			hasScannedForEncodings = 0;
			knownRegions = (
				en,
				Base,
			);
			mainGroup = 4A57BCB2206DE23900D336F4;
			productRefGroup = 4A57BCBC206DE23900D336F4 /* Products */;
			projectDirPath = "";
			projectRoot = "";
			targets = (
				4A57BCBA206DE23900D336F4 /* RunTimeSwift */,
				4A57BCCE206DE23900D336F4 /* RunTimeSwiftTests */,
				4A57BCD9206DE23900D336F4 /* RunTimeSwiftUITests */,
			);
		};
/* End PBXProject section */

/* Begin PBXResourcesBuildPhase section */
		4A57BCB9206DE23900D336F4 /* Resources */ = {
			isa = PBXResourcesBuildPhase;
			buildActionMask = 2147483647;
			files = (
				4A57BCC9206DE23900D336F4 /* LaunchScreen.storyboard in Resources */,
				4A57BCC6206DE23900D336F4 /* Assets.xcassets in Resources */,
				4A57BCC4206DE23900D336F4 /* Main.storyboard in Resources */,
			);
			runOnlyForDeploymentPostprocessing = 0;
		};
		4A57BCCD206DE23900D336F4 /* Resources */ = {
			isa = PBXResourcesBuildPhase;
			buildActionMask = 2147483647;
			files = (
			);
			runOnlyForDeploymentPostprocessing = 0;
		};
		4A57BCD8206DE23900D336F4 /* Resources */ = {
			isa = PBXResourcesBuildPhase;
			buildActionMask = 2147483647;
			files = (
			);
			runOnlyForDeploymentPostprocessing = 0;
		};
/* End PBXResourcesBuildPhase section */

/* Begin PBXSourcesBuildPhase section */
		4A57BCB7206DE23900D336F4 /* Sources */ = {
			isa = PBXSourcesBuildPhase;
			buildActionMask = 2147483647;
			files = (
				4AFA1A3B206E0A2A00B4F497 /* RuntimeEx.m in Sources */,
				4A57BCED206DE54000D336F4 /* RuntimeViewController.swift in Sources */,
				4A57BCC1206DE23900D336F4 /* ViewController.swift in Sources */,
				4A57BCBF206DE23900D336F4 /* AppDelegate.swift in Sources */,
			);
			runOnlyForDeploymentPostprocessing = 0;
		};
		4A57BCCB206DE23900D336F4 /* Sources */ = {
			isa = PBXSourcesBuildPhase;
			buildActionMask = 2147483647;
			files = (
				4A57BCD4206DE23900D336F4 /* RunTimeSwiftTests.swift in Sources */,
			);
			runOnlyForDeploymentPostprocessing = 0;
		};
		4A57BCD6206DE23900D336F4 /* Sources */ = {
			isa = PBXSourcesBuildPhase;
			buildActionMask = 2147483647;
			files = (
				4A57BCDF206DE23900D336F4 /* RunTimeSwiftUITests.swift in Sources */,
			);
			runOnlyForDeploymentPostprocessing = 0;
		};
/* End PBXSourcesBuildPhase section */

/* Begin PBXTargetDependency section */
		4A57BCD1206DE23900D336F4 /* PBXTargetDependency */ = {
			isa = PBXTargetDependency;
			target = 4A57BCBA206DE23900D336F4 /* RunTimeSwift */;
			targetProxy = 4A57BCD0206DE23900D336F4 /* PBXContainerItemProxy */;
		};
		4A57BCDC206DE23900D336F4 /* PBXTargetDependency */ = {
			isa = PBXTargetDependency;
			target = 4A57BCBA206DE23900D336F4 /* RunTimeSwift */;
			targetProxy = 4A57BCDB206DE23900D336F4 /* PBXContainerItemProxy */;
		};
/* End PBXTargetDependency section */

/* Begin PBXVariantGroup section */
		4A57BCC2206DE23900D336F4 /* Main.storyboard */ = {
			isa = PBXVariantGroup;
			children = (
				4A57BCC3206DE23900D336F4 /* Base */,
			);
			name = Main.storyboard;
			sourceTree = "<group>";
		};
		4A57BCC7206DE23900D336F4 /* LaunchScreen.storyboard */ = {
			isa = PBXVariantGroup;
			children = (
				4A57BCC8206DE23900D336F4 /* Base */,
			);
			name = LaunchScreen.storyboard;
			sourceTree = "<group>";
		};
/* End PBXVariantGroup section */

/* Begin XCBuildConfiguration section */
		4A57BCE1206DE23900D336F4 /* Debug */ = {
			isa = XCBuildConfiguration;
			buildSettings = {
				ALWAYS_SEARCH_USER_PATHS = NO;
				CLANG_ANALYZER_NONNULL = YES;
				CLANG_ANALYZER_NUMBER_OBJECT_CONVERSION = YES_AGGRESSIVE;
				CLANG_CXX_LANGUAGE_STANDARD = "gnu++14";
				CLANG_CXX_LIBRARY = "libc++";
				CLANG_ENABLE_MODULES = YES;
				CLANG_ENABLE_OBJC_ARC = YES;
				CLANG_WARN_BLOCK_CAPTURE_AUTORELEASING = YES;
				CLANG_WARN_BOOL_CONVERSION = YES;
				CLANG_WARN_COMMA = YES;
				CLANG_WARN_CONSTANT_CONVERSION = YES;
				CLANG_WARN_DIRECT_OBJC_ISA_USAGE = YES_ERROR;
				CLANG_WARN_DOCUMENTATION_COMMENTS = YES;
				CLANG_WARN_EMPTY_BODY = YES;
				CLANG_WARN_ENUM_CONVERSION = YES;
				CLANG_WARN_INFINITE_RECURSION = YES;
				CLANG_WARN_INT_CONVERSION = YES;
				CLANG_WARN_NON_LITERAL_NULL_CONVERSION = YES;
				CLANG_WARN_OBJC_LITERAL_CONVERSION = YES;
				CLANG_WARN_OBJC_ROOT_CLASS = YES_ERROR;
				CLANG_WARN_RANGE_LOOP_ANALYSIS = YES;
				CLANG_WARN_STRICT_PROTOTYPES = YES;
				CLANG_WARN_SUSPICIOUS_MOVE = YES;
				CLANG_WARN_UNGUARDED_AVAILABILITY = YES_AGGRESSIVE;
				CLANG_WARN_UNREACHABLE_CODE = YES;
				CLANG_WARN__DUPLICATE_METHOD_MATCH = YES;
				CODE_SIGN_IDENTITY = "iPhone Developer";
				COPY_PHASE_STRIP = NO;
				DEBUG_INFORMATION_FORMAT = dwarf;
				ENABLE_STRICT_OBJC_MSGSEND = YES;
				ENABLE_TESTABILITY = YES;
				GCC_C_LANGUAGE_STANDARD = gnu11;
				GCC_DYNAMIC_NO_PIC = NO;
				GCC_NO_COMMON_BLOCKS = YES;
				GCC_OPTIMIZATION_LEVEL = 0;
				GCC_PREPROCESSOR_DEFINITIONS = (
					"DEBUG=1",
					"$(inherited)",
				);
				GCC_WARN_64_TO_32_BIT_CONVERSION = YES;
				GCC_WARN_ABOUT_RETURN_TYPE = YES_ERROR;
				GCC_WARN_UNDECLARED_SELECTOR = YES;
				GCC_WARN_UNINITIALIZED_AUTOS = YES_AGGRESSIVE;
				GCC_WARN_UNUSED_FUNCTION = YES;
				GCC_WARN_UNUSED_VARIABLE = YES;
				IPHONEOS_DEPLOYMENT_TARGET = 11.2;
				MTL_ENABLE_DEBUG_INFO = YES;
				ONLY_ACTIVE_ARCH = YES;
				SDKROOT = iphoneos;
				SWIFT_ACTIVE_COMPILATION_CONDITIONS = DEBUG;
				SWIFT_OPTIMIZATION_LEVEL = "-Onone";
			};
			name = Debug;
		};
		4A57BCE2206DE23900D336F4 /* Release */ = {
			isa = XCBuildConfiguration;
			buildSettings = {
				ALWAYS_SEARCH_USER_PATHS = NO;
				CLANG_ANALYZER_NONNULL = YES;
				CLANG_ANALYZER_NUMBER_OBJECT_CONVERSION = YES_AGGRESSIVE;
				CLANG_CXX_LANGUAGE_STANDARD = "gnu++14";
				CLANG_CXX_LIBRARY = "libc++";
				CLANG_ENABLE_MODULES = YES;
				CLANG_ENABLE_OBJC_ARC = YES;
				CLANG_WARN_BLOCK_CAPTURE_AUTORELEASING = YES;
				CLANG_WARN_BOOL_CONVERSION = YES;
				CLANG_WARN_COMMA = YES;
				CLANG_WARN_CONSTANT_CONVERSION = YES;
				CLANG_WARN_DIRECT_OBJC_ISA_USAGE = YES_ERROR;
				CLANG_WARN_DOCUMENTATION_COMMENTS = YES;
				CLANG_WARN_EMPTY_BODY = YES;
				CLANG_WARN_ENUM_CONVERSION = YES;
				CLANG_WARN_INFINITE_RECURSION = YES;
				CLANG_WARN_INT_CONVERSION = YES;
				CLANG_WARN_NON_LITERAL_NULL_CONVERSION = YES;
				CLANG_WARN_OBJC_LITERAL_CONVERSION = YES;
				CLANG_WARN_OBJC_ROOT_CLASS = YES_ERROR;
				CLANG_WARN_RANGE_LOOP_ANALYSIS = YES;
				CLANG_WARN_STRICT_PROTOTYPES = YES;
				CLANG_WARN_SUSPICIOUS_MOVE = YES;
				CLANG_WARN_UNGUARDED_AVAILABILITY = YES_AGGRESSIVE;
				CLANG_WARN_UNREACHABLE_CODE = YES;
				CLANG_WARN__DUPLICATE_METHOD_MATCH = YES;
				CODE_SIGN_IDENTITY = "iPhone Developer";
				COPY_PHASE_STRIP = NO;
				DEBUG_INFORMATION_FORMAT = "dwarf-with-dsym";
				ENABLE_NS_ASSERTIONS = NO;
				ENABLE_STRICT_OBJC_MSGSEND = YES;
				GCC_C_LANGUAGE_STANDARD = gnu11;
				GCC_NO_COMMON_BLOCKS = YES;
				GCC_WARN_64_TO_32_BIT_CONVERSION = YES;
				GCC_WARN_ABOUT_RETURN_TYPE = YES_ERROR;
				GCC_WARN_UNDECLARED_SELECTOR = YES;
				GCC_WARN_UNINITIALIZED_AUTOS = YES_AGGRESSIVE;
				GCC_WARN_UNUSED_FUNCTION = YES;
				GCC_WARN_UNUSED_VARIABLE = YES;
				IPHONEOS_DEPLOYMENT_TARGET = 11.2;
				MTL_ENABLE_DEBUG_INFO = NO;
				SDKROOT = iphoneos;
				SWIFT_OPTIMIZATION_LEVEL = "-Owholemodule";
				VALIDATE_PRODUCT = YES;
			};
			name = Release;
		};
		4A57BCE4206DE23900D336F4 /* Debug */ = {
			isa = XCBuildConfiguration;
			buildSettings = {
				ASSETCATALOG_COMPILER_APPICON_NAME = AppIcon;
				CLANG_ENABLE_MODULES = YES;
				CODE_SIGN_STYLE = Automatic;
				DEVELOPMENT_TEAM = X2KG7JA423;
				INFOPLIST_FILE = RunTimeSwift/Info.plist;
				LD_RUNPATH_SEARCH_PATHS = "$(inherited) @executable_path/Frameworks";
				PRODUCT_BUNDLE_IDENTIFIER = com.GCDQueueDemo.RunTimeSwift;
				PRODUCT_NAME = "$(TARGET_NAME)";
				SWIFT_OBJC_BRIDGING_HEADER = "RunTimeSwift/RunTimeSwift-Bridging-Header.h";
				SWIFT_OPTIMIZATION_LEVEL = "-Onone";
				SWIFT_VERSION = 4.0;
				TARGETED_DEVICE_FAMILY = "1,2";
			};
			name = Debug;
		};
		4A57BCE5206DE23900D336F4 /* Release */ = {
			isa = XCBuildConfiguration;
			buildSettings = {
				ASSETCATALOG_COMPILER_APPICON_NAME = AppIcon;
				CLANG_ENABLE_MODULES = YES;
				CODE_SIGN_STYLE = Automatic;
				DEVELOPMENT_TEAM = X2KG7JA423;
				INFOPLIST_FILE = RunTimeSwift/Info.plist;
				LD_RUNPATH_SEARCH_PATHS = "$(inherited) @executable_path/Frameworks";
				PRODUCT_BUNDLE_IDENTIFIER = com.GCDQueueDemo.RunTimeSwift;
				PRODUCT_NAME = "$(TARGET_NAME)";
				SWIFT_OBJC_BRIDGING_HEADER = "RunTimeSwift/RunTimeSwift-Bridging-Header.h";
				SWIFT_VERSION = 4.0;
				TARGETED_DEVICE_FAMILY = "1,2";
			};
			name = Release;
		};
		4A57BCE7206DE23900D336F4 /* Debug */ = {
			isa = XCBuildConfiguration;
			buildSettings = {
				ALWAYS_EMBED_SWIFT_STANDARD_LIBRARIES = YES;
				BUNDLE_LOADER = "$(TEST_HOST)";
				CODE_SIGN_STYLE = Automatic;
				DEVELOPMENT_TEAM = X2KG7JA423;
				INFOPLIST_FILE = RunTimeSwiftTests/Info.plist;
				LD_RUNPATH_SEARCH_PATHS = "$(inherited) @executable_path/Frameworks @loader_path/Frameworks";
				PRODUCT_BUNDLE_IDENTIFIER = com.GCDQueueDemo.RunTimeSwiftTests;
				PRODUCT_NAME = "$(TARGET_NAME)";
				SWIFT_VERSION = 4.0;
				TARGETED_DEVICE_FAMILY = "1,2";
				TEST_HOST = "$(BUILT_PRODUCTS_DIR)/RunTimeSwift.app/RunTimeSwift";
			};
			name = Debug;
		};
		4A57BCE8206DE23900D336F4 /* Release */ = {
			isa = XCBuildConfiguration;
			buildSettings = {
				ALWAYS_EMBED_SWIFT_STANDARD_LIBRARIES = YES;
				BUNDLE_LOADER = "$(TEST_HOST)";
				CODE_SIGN_STYLE = Automatic;
				DEVELOPMENT_TEAM = X2KG7JA423;
				INFOPLIST_FILE = RunTimeSwiftTests/Info.plist;
				LD_RUNPATH_SEARCH_PATHS = "$(inherited) @executable_path/Frameworks @loader_path/Frameworks";
				PRODUCT_BUNDLE_IDENTIFIER = com.GCDQueueDemo.RunTimeSwiftTests;
				PRODUCT_NAME = "$(TARGET_NAME)";
				SWIFT_VERSION = 4.0;
				TARGETED_DEVICE_FAMILY = "1,2";
				TEST_HOST = "$(BUILT_PRODUCTS_DIR)/RunTimeSwift.app/RunTimeSwift";
			};
			name = Release;
		};
		4A57BCEA206DE23900D336F4 /* Debug */ = {
			isa = XCBuildConfiguration;
			buildSettings = {
				ALWAYS_EMBED_SWIFT_STANDARD_LIBRARIES = YES;
				CODE_SIGN_STYLE = Automatic;
				DEVELOPMENT_TEAM = X2KG7JA423;
				INFOPLIST_FILE = RunTimeSwiftUITests/Info.plist;
				LD_RUNPATH_SEARCH_PATHS = "$(inherited) @executable_path/Frameworks @loader_path/Frameworks";
				PRODUCT_BUNDLE_IDENTIFIER = com.GCDQueueDemo.RunTimeSwiftUITests;
				PRODUCT_NAME = "$(TARGET_NAME)";
				SWIFT_VERSION = 4.0;
				TARGETED_DEVICE_FAMILY = "1,2";
				TEST_TARGET_NAME = RunTimeSwift;
			};
			name = Debug;
		};
		4A57BCEB206DE23900D336F4 /* Release */ = {
			isa = XCBuildConfiguration;
			buildSettings = {
				ALWAYS_EMBED_SWIFT_STANDARD_LIBRARIES = YES;
				CODE_SIGN_STYLE = Automatic;
				DEVELOPMENT_TEAM = X2KG7JA423;
				INFOPLIST_FILE = RunTimeSwiftUITests/Info.plist;
				LD_RUNPATH_SEARCH_PATHS = "$(inherited) @executable_path/Frameworks @loader_path/Frameworks";
				PRODUCT_BUNDLE_IDENTIFIER = com.GCDQueueDemo.RunTimeSwiftUITests;
				PRODUCT_NAME = "$(TARGET_NAME)";
				SWIFT_VERSION = 4.0;
				TARGETED_DEVICE_FAMILY = "1,2";
				TEST_TARGET_NAME = RunTimeSwift;
			};
			name = Release;
		};
/* End XCBuildConfiguration section */

/* Begin XCConfigurationList section */
		4A57BCB6206DE23900D336F4 /* Build configuration list for PBXProject "RunTimeSwift" */ = {
			isa = XCConfigurationList;
			buildConfigurations = (
				4A57BCE1206DE23900D336F4 /* Debug */,
				4A57BCE2206DE23900D336F4 /* Release */,
			);
			defaultConfigurationIsVisible = 0;
			defaultConfigurationName = Release;
		};
		4A57BCE3206DE23900D336F4 /* Build configuration list for PBXNativeTarget "RunTimeSwift" */ = {
			isa = XCConfigurationList;
			buildConfigurations = (
				4A57BCE4206DE23900D336F4 /* Debug */,
				4A57BCE5206DE23900D336F4 /* Release */,
			);
			defaultConfigurationIsVisible = 0;
			defaultConfigurationName = Release;
		};
		4A57BCE6206DE23900D336F4 /* Build configuration list for PBXNativeTarget "RunTimeSwiftTests" */ = {
			isa = XCConfigurationList;
			buildConfigurations = (
				4A57BCE7206DE23900D336F4 /* Debug */,
				4A57BCE8206DE23900D336F4 /* Release */,
			);
			defaultConfigurationIsVisible = 0;
			defaultConfigurationName = Release;
		};
		4A57BCE9206DE23900D336F4 /* Build configuration list for PBXNativeTarget "RunTimeSwiftUITests" */ = {
			isa = XCConfigurationList;
			buildConfigurations = (
				4A57BCEA206DE23900D336F4 /* Debug */,
				4A57BCEB206DE23900D336F4 /* Release */,
			);
			defaultConfigurationIsVisible = 0;
			defaultConfigurationName = Release;
		};
/* End XCConfigurationList section */
	};
	rootObject = 4A57BCB3206DE23900D336F4 /* Project object */;
}
